version = 1
revision = 3
requires-python = ">=3.10, <3.14"
resolution-markers = [
    "platform_machine == 'AMD64' and sys_platform == 'win32'",
]
supported-markers = [
    "platform_machine == 'AMD64' and sys_platform == 'win32'",
]
required-markers = [
    "platform_machine == 'AMD64' and sys_platform == 'win32'",
]

[[package]]
name = "cod-level"
version = "1.0.0"
source = { virtual = "." }
dependencies = [
    { name = "numpy", marker = "platform_machine == 'AMD64' and sys_platform == 'win32'" },
    { name = "ovrtx", marker = "platform_machine == 'AMD64' and sys_platform == 'win32'" },
    { name = "ovstage", marker = "platform_machine == 'AMD64' and sys_platform == 'win32'" },
    { name = "pillow", marker = "platform_machine == 'AMD64' and sys_platform == 'win32'" },
]

[package.metadata]
requires-dist = [
    { name = "numpy", specifier = "==2.2.6" },
    { name = "ovrtx", specifier = "==0.4.0.346409" },
    { name = "ovstage", specifier = "==0.1.0.346039" },
    { name = "pillow", specifier = "==12.1.1" },
]

[[package]]
name = "numpy"
version = "2.2.6"
source = { registry = "https://pypi.org/simple" }
sdist = { url = "https://files.pythonhosted.org/packages/76/21/7d2a95e4bba9dc13d043ee156a356c0a8f0c6309dff6b21b4d71a073b8a8/numpy-2.2.6.tar.gz", hash = "sha256:e29554e2bef54a90aa5cc07da6ce955accb83f21ab5de01a62c8478897b264fd", size = 20276440, upload-time = "2025-05-17T22:38:04.611Z" }
wheels = [
    { url = "https://files.pythonhosted.org/packages/a3/dd/4b822569d6b96c39d1215dbae0582fd99954dcbcf0c1a13c61783feaca3f/numpy-2.2.6-cp310-cp310-win_amd64.whl", hash = "sha256:f0fd6321b839904e15c46e0d257fdd101dd7f530fe03fd6359c1ea63738703f3", size = 12904620, upload-time = "2025-05-17T21:30:48.994Z" },
    { url = "https://files.pythonhosted.org/packages/31/0a/f354fb7176b81747d870f7991dc763e157a934c717b67b58456bc63da3df/numpy-2.2.6-cp311-cp311-win_amd64.whl", hash = "sha256:e8213002e427c69c45a52bbd94163084025f533a55a59d6f9c5b820774ef3303", size = 12907455, upload-time = "2025-05-17T21:34:09.135Z" },
    { url = "https://files.pythonhosted.org/packages/36/fa/8c9210162ca1b88529ab76b41ba02d433fd54fecaf6feb70ef9f124683f1/numpy-2.2.6-cp312-cp312-win_amd64.whl", hash = "sha256:c1f9540be57940698ed329904db803cf7a402f3fc200bfe599334c9bd84a40b2", size = 12614190, upload-time = "2025-05-17T21:37:26.213Z" },
    { url = "https://files.pythonhosted.org/packages/cb/3b/d58c12eafcb298d4e6d0d40216866ab15f59e55d148a5658bb3132311fcf/numpy-2.2.6-cp313-cp313-win_amd64.whl", hash = "sha256:b0544343a702fa80c95ad5d3d608ea3599dd54d4632df855e4c8d24eb6ecfa1c", size = 12610885, upload-time = "2025-05-17T21:44:05.145Z" },
    { url = "https://files.pythonhosted.org/packages/67/0e/35082d13c09c02c011cf21570543d202ad929d961c02a147493cb0c2bdf5/numpy-2.2.6-cp313-cp313t-win_amd64.whl", hash = "sha256:6031dd6dfecc0cf9f668681a37648373bddd6421fff6c66ec1624eed0180ee06", size = 12771374, upload-time = "2025-05-17T21:43:35.479Z" },
    { url = "https://files.pythonhosted.org/packages/37/48/ac2a9584402fb6c0cd5b5d1a91dcf176b15760130dd386bbafdbfe3640bf/numpy-2.2.6-pp310-pypy310_pp73-win_amd64.whl", hash = "sha256:d042d24c90c41b54fd506da306759e06e568864df8ec17ccc17e9e884634fd00", size = 12812666, upload-time = "2025-05-17T21:45:31.426Z" },
]

[[package]]
name = "ovrtx"
version = "0.4.0.346409"
source = { registry = "https://pypi.org/simple" }
sdist = { url = "https://files.pythonhosted.org/packages/ef/e3/516037b64a164721ab0b5baa8609d4e169066a736421bf4ec85be0bc9607/ovrtx-0.4.0.346409.tar.gz", hash = "sha256:aaf864c11062f4124e1c4675155ac1a7919cb5c94b14d5d354de5eea35c8dc2c", size = 671, upload-time = "2026-07-17T16:46:10.999Z" }

[[package]]
name = "ovstage"
version = "0.1.0.346039"
source = { registry = "https://pypi.org/simple" }
wheels = [
    { url = "https://files.pythonhosted.org/packages/84/59/fb08c9cf3c3f1145b0ca1b2c12573d28354237777049fcca78aa75f25de1/ovstage-0.1.0.346039-py3-none-win_amd64.whl", hash = "sha256:aa394890f48a3ad35159d43fc680643c6743f135749ba827ce24ad3afc078f25", size = 35043272, upload-time = "2026-07-16T23:27:47.321Z" },
]

[[package]]
name = "pillow"
version = "12.1.1"
source = { registry = "https://pypi.org/simple" }
sdist = { url = "https://files.pythonhosted.org/packages/1f/42/5c74462b4fd957fcd7b13b04fb3205ff8349236ea74c7c375766d6c82288/pillow-12.1.1.tar.gz", hash = "sha256:9ad8fa5937ab05218e2b6a4cff30295ad35afd2f83ac592e68c0d871bb0fdbc4", size = 46980264, upload-time = "2026-02-11T04:23:07.146Z" }
wheels = [
    { url = "https://files.pythonhosted.org/packages/f8/f9/9f6b01c0881d7036063aa6612ef04c0e2cad96be21325a1e92d0203f8e91/pillow-12.1.1-cp310-cp310-win_amd64.whl", hash = "sha256:c6008de247150668a705a6338156efb92334113421ceecf7438a12c9a12dab23", size = 7032347, upload-time = "2026-02-11T04:20:23.932Z" },
    { url = "https://files.pythonhosted.org/packages/31/03/bef822e4f2d8f9d7448c133d0a18185d3cce3e70472774fffefe8b0ed562/pillow-12.1.1-cp311-cp311-win_amd64.whl", hash = "sha256:fbfa2a7c10cc2623f412753cddf391c7f971c52ca40a3f65dc5039b2939e8563", size = 7031448, upload-time = "2026-02-11T04:20:44.696Z" },
    { url = "https://files.pythonhosted.org/packages/3d/17/688626d192d7261bbbf98846fc98995726bddc2c945344b65bec3a29d731/pillow-12.1.1-cp312-cp312-win_amd64.whl", hash = "sha256:21329ec8c96c6e979cd0dfd29406c40c1d52521a90544463057d2aaa937d66a6", size = 7033367, upload-time = "2026-02-11T04:21:03.536Z" },
    { url = "https://files.pythonhosted.org/packages/a0/c6/d5eb6a4fb32a3f9c21a8c7613ec706534ea1cf9f4b3663e99f0d83f6fca8/pillow-12.1.1-cp313-cp313-ios_13_0_x86_64_iphonesimulator.whl", hash = "sha256:e65498daf4b583091ccbb2556c7000abf0f3349fcd57ef7adc9a84a394ed29f6", size = 3601364, upload-time = "2026-02-11T04:21:10.194Z" },
    { url = "https://files.pythonhosted.org/packages/3f/eb/b0834ad8b583d7d9d42b80becff092082a1c3c156bb582590fcc973f1c7c/pillow-12.1.1-cp313-cp313-win_amd64.whl", hash = "sha256:344cf1e3dab3be4b1fa08e449323d98a2a3f819ad20f4b22e77a0ede31f0faa1", size = 7040108, upload-time = "2026-02-11T04:21:29.462Z" },
    { url = "https://files.pythonhosted.org/packages/3b/44/e865ef3986611bb75bfabdf94a590016ea327833f434558801122979cd0e/pillow-12.1.1-cp313-cp313t-win_amd64.whl", hash = "sha256:a285e3eb7a5a45a2ff504e31f4a8d1b12ef62e84e5411c6804a42197c1cf586c", size = 7045383, upload-time = "2026-02-11T04:21:50.015Z" },
    { url = "https://files.pythonhosted.org/packages/f2/26/c56ce33ca856e358d27fda9676c055395abddb82c35ac0f593877ed4562e/pillow-12.1.1-pp311-pypy311_pp73-win_amd64.whl", hash = "sha256:cb9bb857b2d057c6dfc72ac5f3b44836924ba15721882ef103cecb40d002d80e", size = 7029880, upload-time = "2026-02-11T04:23:04.783Z" },
]
